// !$*UTF8*$!
{
	archiveVersion = 1;
	classes = {
	};
	objectVersion = 55;
	objects = {

/* Begin PBXBuildFile section */
		5B44AF6027ED023100749F7E /* meetingsApp.swift in Sources */ = {isa = PBXBuildFile; fileRef = 5B44AF5F27ED023100749F7E /* meetingsApp.swift */; };
		5B44AF6227ED023100749F7E /* ContentView.swift in Sources */ = {isa = PBXBuildFile; fileRef = 5B44AF6127ED023100749F7E /* ContentView.swift */; };
		5B44AF6727ED023500749F7E /* Preview Assets.xcassets in Resources */ = {isa = PBXBuildFile; fileRef = 5B44AF6627ED023500749F7E /* Preview Assets.xcassets */; };
		5B44AF7027ED084500749F7E /* Assets.xcassets in Resources */ = {isa = PBXBuildFile; fileRef = 5B44AF6F27ED084500749F7E /* Assets.xcassets */; };
		5B44AF7327ED088200749F7E /* Theme.swift in Sources */ = {isa = PBXBuildFile; fileRef = 5B44AF7227ED088200749F7E /* Theme.swift */; };
		5B44AF7527ED08C300749F7E /* DailyScrum.swift in Sources */ = {isa = PBXBuildFile; fileRef = 5B44AF7427ED08C300749F7E /* DailyScrum.swift */; };
		5B44AF7727ED097600749F7E /* CardView.swift in Sources */ = {isa = PBXBuildFile; fileRef = 5B44AF7627ED097600749F7E /* CardView.swift */; };
		5B44AF7927ED0FEA00749F7E /* TrailingIconLabelStyle.swift in Sources */ = {isa = PBXBuildFile; fileRef = 5B44AF7827ED0FEA00749F7E /* TrailingIconLabelStyle.swift */; };
		5BA05B2127EE175000A275AE /* ScrumView.swift in Sources */ = {isa = PBXBuildFile; fileRef = 5BA05B2027EE175000A275AE /* ScrumView.swift */; };
		5BA05B2327EE2EA000A275AE /* DetailView.swift in Sources */ = {isa = PBXBuildFile; fileRef = 5BA05B2227EE2EA000A275AE /* DetailView.swift */; };
/* End PBXBuildFile section */

/* Begin PBXFileReference section */
		5B44AF5C27ED023100749F7E /* meetings.app */ = {isa = PBXFileReference; explicitFileType = wrapper.application; includeInIndex = 0; path = meetings.app; sourceTree = BUILT_PRODUCTS_DIR; };
		5B44AF5F27ED023100749F7E /* meetingsApp.swift */ = {isa = PBXFileReference; lastKnownFileType = sourcecode.swift; path = meetingsApp.swift; sourceTree = "<group>"; };
		5B44AF6127ED023100749F7E /* ContentView.swift */ = {isa = PBXFileReference; lastKnownFileType = sourcecode.swift; path = ContentView.swift; sourceTree = "<group>"; };
		5B44AF6627ED023500749F7E /* Preview Assets.xcassets */ = {isa = PBXFileReference; lastKnownFileType = folder.assetcatalog; path = "Preview Assets.xcassets"; sourceTree = "<group>"; };
		5B44AF6F27ED084500749F7E /* Assets.xcassets */ = {isa = PBXFileReference; lastKnownFileType = folder.assetcatalog; path = Assets.xcassets; sourceTree = "<group>"; };
		5B44AF7227ED088200749F7E /* Theme.swift */ = {isa = PBXFileReference; lastKnownFileType = sourcecode.swift; path = Theme.swift; sourceTree = "<group>"; };
		5B44AF7427ED08C300749F7E /* DailyScrum.swift */ = {isa = PBXFileReference; lastKnownFileType = sourcecode.swift; path = DailyScrum.swift; sourceTree = "<group>"; };
		5B44AF7627ED097600749F7E /* CardView.swift */ = {isa = PBXFileReference; lastKnownFileType = sourcecode.swift; path = CardView.swift; sourceTree = "<group>"; };
		5B44AF7827ED0FEA00749F7E /* TrailingIconLabelStyle.swift */ = {isa = PBXFileReference; lastKnownFileType = sourcecode.swift; path = TrailingIconLabelStyle.swift; sourceTree = "<group>"; };
		5BA05B2027EE175000A275AE /* ScrumView.swift */ = {isa = PBXFileReference; lastKnownFileType = sourcecode.swift; path = ScrumView.swift; sourceTree = "<group>"; };
		5BA05B2227EE2EA000A275AE /* DetailView.swift */ = {isa = PBXFileReference; lastKnownFileType = sourcecode.swift; path = DetailView.swift; sourceTree = "<group>"; };
/* End PBXFileReference section */

/* Begin PBXFrameworksBuildPhase section */
		5B44AF5927ED023100749F7E /* Frameworks */ = {
			isa = PBXFrameworksBuildPhase;
			buildActionMask = 2147483647;
			files = (
			);
			runOnlyForDeploymentPostprocessing = 0;
		};
/* End PBXFrameworksBuildPhase section */

/* Begin PBXGroup section */
		5B44AF5327ED023100749F7E = {
			isa = PBXGroup;
			children = (
				5B44AF5E27ED023100749F7E /* meetings */,
				5B44AF5D27ED023100749F7E /* Products */,
			);
			sourceTree = "<group>";
		};
		5B44AF5D27ED023100749F7E /* Products */ = {
			isa = PBXGroup;
			children = (
				5B44AF5C27ED023100749F7E /* meetings.app */,
			);
			name = Products;
			sourceTree = "<group>";
		};
		5B44AF5E27ED023100749F7E /* meetings */ = {
			isa = PBXGroup;
			children = (
				5B44AF7127ED087000749F7E /* Models */,
				5B44AF5F27ED023100749F7E /* meetingsApp.swift */,
				5B44AF6127ED023100749F7E /* ContentView.swift */,
				5B44AF7627ED097600749F7E /* CardView.swift */,
				5B44AF6F27ED084500749F7E /* Assets.xcassets */,
				5B44AF6527ED023500749F7E /* Preview Content */,
				5B44AF7827ED0FEA00749F7E /* TrailingIconLabelStyle.swift */,
				5BA05B2027EE175000A275AE /* ScrumView.swift */,
				5BA05B2227EE2EA000A275AE /* DetailView.swift */,
			);
			path = meetings;
			sourceTree = "<group>";
		};
		5B44AF6527ED023500749F7E /* Preview Content */ = {
			isa = PBXGroup;
			children = (
				5B44AF6627ED023500749F7E /* Preview Assets.xcassets */,
			);
			path = "Preview Content";
			sourceTree = "<group>";
		};
		5B44AF7127ED087000749F7E /* Models */ = {
			isa = PBXGroup;
			children = (
				5B44AF7227ED088200749F7E /* Theme.swift */,
				5B44AF7427ED08C300749F7E /* DailyScrum.swift */,
			);
			path = Models;
			sourceTree = "<group>";
		};
/* End PBXGroup section */

/* Begin PBXNativeTarget section */
		5B44AF5B27ED023100749F7E /* meetings */ = {
			isa = PBXNativeTarget;
			buildConfigurationList = 5B44AF6A27ED023500749F7E /* Build configuration list for PBXNativeTarget "meetings" */;
			buildPhases = (
				5B44AF5827ED023100749F7E /* Sources */,
				5B44AF5927ED023100749F7E /* Frameworks */,
				5B44AF5A27ED023100749F7E /* Resources */,
			);
			buildRules = (
			);
			dependencies = (
			);
			name = meetings;
			productName = meetings;
			productReference = 5B44AF5C27ED023100749F7E /* meetings.app */;
			productType = "com.apple.product-type.application";
		};
/* End PBXNativeTarget section */

/* Begin PBXProject section */
		5B44AF5427ED023100749F7E /* Project object */ = {
			isa = PBXProject;
			attributes = {
				BuildIndependentTargetsInParallel = 1;
				LastSwiftUpdateCheck = 1330;
				LastUpgradeCheck = 1330;
				TargetAttributes = {
					5B44AF5B27ED023100749F7E = {
						CreatedOnToolsVersion = 13.3;
					};
				};
			};
			buildConfigurationList = 5B44AF5727ED023100749F7E /* Build configuration list for PBXProject "meetings" */;
			compatibilityVersion = "Xcode 13.0";
			developmentRegion = en;
			hasScannedForEncodings = 0;
			knownRegions = (
				en,
				Base,
			);
			mainGroup = 5B44AF5327ED023100749F7E;
			productRefGroup = 5B44AF5D27ED023100749F7E /* Products */;
			projectDirPath = "";
			projectRoot = "";
			targets = (
				5B44AF5B27ED023100749F7E /* meetings */,
			);
		};
/* End PBXProject section */

/* Begin PBXResourcesBuildPhase section */
		5B44AF5A27ED023100749F7E /* Resources */ = {
			isa = PBXResourcesBuildPhase;
			buildActionMask = 2147483647;
			files = (
				5B44AF7027ED084500749F7E /* Assets.xcassets in Resources */,
				5B44AF6727ED023500749F7E /* Preview Assets.xcassets in Resources */,
			);
			runOnlyForDeploymentPostprocessing = 0;
		};
/* End PBXResourcesBuildPhase section */

/* Begin PBXSourcesBuildPhase section */
		5B44AF5827ED023100749F7E /* Sources */ = {
			isa = PBXSourcesBuildPhase;
			buildActionMask = 2147483647;
			files = (
				5B44AF7527ED08C300749F7E /* DailyScrum.swift in Sources */,
				5BA05B2327EE2EA000A275AE /* DetailView.swift in Sources */,
				5BA05B2127EE175000A275AE /* ScrumView.swift in Sources */,
				5B44AF7927ED0FEA00749F7E /* TrailingIconLabelStyle.swift in Sources */,
				5B44AF7327ED088200749F7E /* Theme.swift in Sources */,
				5B44AF6227ED023100749F7E /* ContentView.swift in Sources */,
				5B44AF6027ED023100749F7E /* meetingsApp.swift in Sources */,
				5B44AF7727ED097600749F7E /* CardView.swift in Sources */,
			);
			runOnlyForDeploymentPostprocessing = 0;
		};
/* End PBXSourcesBuildPhase section */

/* Begin XCBuildConfiguration section */
		5B44AF6827ED023500749F7E /* Debug */ = {
			isa = XCBuildConfiguration;
			buildSettings = {
				ALWAYS_SEARCH_USER_PATHS = NO;
				CLANG_ANALYZER_NONNULL = YES;
				CLANG_ANALYZER_NUMBER_OBJECT_CONVERSION = YES_AGGRESSIVE;
				CLANG_CXX_LANGUAGE_STANDARD = "gnu++17";
				CLANG_ENABLE_MODULES = YES;
				CLANG_ENABLE_OBJC_ARC = YES;
				CLANG_ENABLE_OBJC_WEAK = YES;
				CLANG_WARN_BLOCK_CAPTURE_AUTORELEASING = YES;
				CLANG_WARN_BOOL_CONVERSION = YES;
				CLANG_WARN_COMMA = YES;
				CLANG_WARN_CONSTANT_CONVERSION = YES;
				CLANG_WARN_DEPRECATED_OBJC_IMPLEMENTATIONS = YES;
				CLANG_WARN_DIRECT_OBJC_ISA_USAGE = YES_ERROR;
				CLANG_WARN_DOCUMENTATION_COMMENTS = YES;
				CLANG_WARN_EMPTY_BODY = YES;
				CLANG_WARN_ENUM_CONVERSION = YES;
				CLANG_WARN_INFINITE_RECURSION = YES;
				CLANG_WARN_INT_CONVERSION = YES;
				CLANG_WARN_NON_LITERAL_NULL_CONVERSION = YES;
				CLANG_WARN_OBJC_IMPLICIT_RETAIN_SELF = YES;
				CLANG_WARN_OBJC_LITERAL_CONVERSION = YES;
				CLANG_WARN_OBJC_ROOT_CLASS = YES_ERROR;
				CLANG_WARN_QUOTED_INCLUDE_IN_FRAMEWORK_HEADER = YES;
				CLANG_WARN_RANGE_LOOP_ANALYSIS = YES;
				CLANG_WARN_STRICT_PROTOTYPES = YES;
				CLANG_WARN_SUSPICIOUS_MOVE = YES;
				CLANG_WARN_UNGUARDED_AVAILABILITY = YES_AGGRESSIVE;
				CLANG_WARN_UNREACHABLE_CODE = YES;
				CLANG_WARN__DUPLICATE_METHOD_MATCH = YES;
				COPY_PHASE_STRIP = NO;
				DEBUG_INFORMATION_FORMAT = dwarf;
				ENABLE_STRICT_OBJC_MSGSEND = YES;
				ENABLE_TESTABILITY = YES;
				GCC_C_LANGUAGE_STANDARD = gnu11;
				GCC_DYNAMIC_NO_PIC = NO;
				GCC_NO_COMMON_BLOCKS = YES;
				GCC_OPTIMIZATION_LEVEL = 0;
				GCC_PREPROCESSOR_DEFINITIONS = (
					"DEBUG=1",
					"$(inherited)",
				);
				GCC_WARN_64_TO_32_BIT_CONVERSION = YES;
				GCC_WARN_ABOUT_RETURN_TYPE = YES_ERROR;
				GCC_WARN_UNDECLARED_SELECTOR = YES;
				GCC_WARN_UNINITIALIZED_AUTOS = YES_AGGRESSIVE;
				GCC_WARN_UNUSED_FUNCTION = YES;
				GCC_WARN_UNUSED_VARIABLE = YES;
				IPHONEOS_DEPLOYMENT_TARGET = 15.4;
				MTL_ENABLE_DEBUG_INFO = INCLUDE_SOURCE;
				MTL_FAST_MATH = YES;
				ONLY_ACTIVE_ARCH = YES;
				SDKROOT = iphoneos;
				SWIFT_ACTIVE_COMPILATION_CONDITIONS = DEBUG;
				SWIFT_OPTIMIZATION_LEVEL = "-Onone";
			};
			name = Debug;
		};
		5B44AF6927ED023500749F7E /* Release */ = {
			isa = XCBuildConfiguration;
			buildSettings = {
				ALWAYS_SEARCH_USER_PATHS = NO;
				CLANG_ANALYZER_NONNULL = YES;
				CLANG_ANALYZER_NUMBER_OBJECT_CONVERSION = YES_AGGRESSIVE;
				CLANG_CXX_LANGUAGE_STANDARD = "gnu++17";
				CLANG_ENABLE_MODULES = YES;
				CLANG_ENABLE_OBJC_ARC = YES;
				CLANG_ENABLE_OBJC_WEAK = YES;
				CLANG_WARN_BLOCK_CAPTURE_AUTORELEASING = YES;
				CLANG_WARN_BOOL_CONVERSION = YES;
				CLANG_WARN_COMMA = YES;
				CLANG_WARN_CONSTANT_CONVERSION = YES;
				CLANG_WARN_DEPRECATED_OBJC_IMPLEMENTATIONS = YES;
				CLANG_WARN_DIRECT_OBJC_ISA_USAGE = YES_ERROR;
				CLANG_WARN_DOCUMENTATION_COMMENTS = YES;
				CLANG_WARN_EMPTY_BODY = YES;
				CLANG_WARN_ENUM_CONVERSION = YES;
				CLANG_WARN_INFINITE_RECURSION = YES;
				CLANG_WARN_INT_CONVERSION = YES;
				CLANG_WARN_NON_LITERAL_NULL_CONVERSION = YES;
				CLANG_WARN_OBJC_IMPLICIT_RETAIN_SELF = YES;
				CLANG_WARN_OBJC_LITERAL_CONVERSION = YES;
				CLANG_WARN_OBJC_ROOT_CLASS = YES_ERROR;
				CLANG_WARN_QUOTED_INCLUDE_IN_FRAMEWORK_HEADER = YES;
				CLANG_WARN_RANGE_LOOP_ANALYSIS = YES;
				CLANG_WARN_STRICT_PROTOTYPES = YES;
				CLANG_WARN_SUSPICIOUS_MOVE = YES;
				CLANG_WARN_UNGUARDED_AVAILABILITY = YES_AGGRESSIVE;
				CLANG_WARN_UNREACHABLE_CODE = YES;
				CLANG_WARN__DUPLICATE_METHOD_MATCH = YES;
				COPY_PHASE_STRIP = NO;
				DEBUG_INFORMATION_FORMAT = "dwarf-with-dsym";
				ENABLE_NS_ASSERTIONS = NO;
				ENABLE_STRICT_OBJC_MSGSEND = YES;
				GCC_C_LANGUAGE_STANDARD = gnu11;
				GCC_NO_COMMON_BLOCKS = YES;
				GCC_WARN_64_TO_32_BIT_CONVERSION = YES;
				GCC_WARN_ABOUT_RETURN_TYPE = YES_ERROR;
				GCC_WARN_UNDECLARED_SELECTOR = YES;
				GCC_WARN_UNINITIALIZED_AUTOS = YES_AGGRESSIVE;
				GCC_WARN_UNUSED_FUNCTION = YES;
				GCC_WARN_UNUSED_VARIABLE = YES;
				IPHONEOS_DEPLOYMENT_TARGET = 15.4;
				MTL_ENABLE_DEBUG_INFO = NO;
				MTL_FAST_MATH = YES;
				SDKROOT = iphoneos;
				SWIFT_COMPILATION_MODE = wholemodule;
				SWIFT_OPTIMIZATION_LEVEL = "-O";
				VALIDATE_PRODUCT = YES;
			};
			name = Release;
		};
		5B44AF6B27ED023500749F7E /* Debug */ = {
			isa = XCBuildConfiguration;
			buildSettings = {
				ASSETCATALOG_COMPILER_APPICON_NAME = AppIcon;
				ASSETCATALOG_COMPILER_GLOBAL_ACCENT_COLOR_NAME = AccentColor;
				CODE_SIGN_STYLE = Automatic;
				CURRENT_PROJECT_VERSION = 1;
				DEVELOPMENT_ASSET_PATHS = "\"meetings/Preview Content\"";
				DEVELOPMENT_TEAM = 8EP984CMVZ;
				ENABLE_PREVIEWS = YES;
				GENERATE_INFOPLIST_FILE = YES;
				INFOPLIST_KEY_UIApplicationSceneManifest_Generation = YES;
				INFOPLIST_KEY_UIApplicationSupportsIndirectInputEvents = YES;
				INFOPLIST_KEY_UILaunchScreen_Generation = YES;
				INFOPLIST_KEY_UISupportedInterfaceOrientations_iPad = "UIInterfaceOrientationPortrait UIInterfaceOrientationPortraitUpsideDown UIInterfaceOrientationLandscapeLeft UIInterfaceOrientationLandscapeRight";
				INFOPLIST_KEY_UISupportedInterfaceOrientations_iPhone = "UIInterfaceOrientationPortrait UIInterfaceOrientationLandscapeLeft UIInterfaceOrientationLandscapeRight";
				LD_RUNPATH_SEARCH_PATHS = (
					"$(inherited)",
					"@executable_path/Frameworks",
				);
				MARKETING_VERSION = 1.0;
				PRODUCT_BUNDLE_IDENTIFIER = com.death.meetings;
				PRODUCT_NAME = "$(TARGET_NAME)";
				SWIFT_EMIT_LOC_STRINGS = YES;
				SWIFT_VERSION = 5.0;
				TARGETED_DEVICE_FAMILY = "1,2";
			};
			name = Debug;
		};
		5B44AF6C27ED023500749F7E /* Release */ = {
			isa = XCBuildConfiguration;
			buildSettings = {
				ASSETCATALOG_COMPILER_APPICON_NAME = AppIcon;
				ASSETCATALOG_COMPILER_GLOBAL_ACCENT_COLOR_NAME = AccentColor;
				CODE_SIGN_STYLE = Automatic;
				CURRENT_PROJECT_VERSION = 1;
				DEVELOPMENT_ASSET_PATHS = "\"meetings/Preview Content\"";
				DEVELOPMENT_TEAM = 8EP984CMVZ;
				ENABLE_PREVIEWS = YES;
				GENERATE_INFOPLIST_FILE = YES;
				INFOPLIST_KEY_UIApplicationSceneManifest_Generation = YES;
				INFOPLIST_KEY_UIApplicationSupportsIndirectInputEvents = YES;
				INFOPLIST_KEY_UILaunchScreen_Generation = YES;
				INFOPLIST_KEY_UISupportedInterfaceOrientations_iPad = "UIInterfaceOrientationPortrait UIInterfaceOrientationPortraitUpsideDown UIInterfaceOrientationLandscapeLeft UIInterfaceOrientationLandscapeRight";
				INFOPLIST_KEY_UISupportedInterfaceOrientations_iPhone = "UIInterfaceOrientationPortrait UIInterfaceOrientationLandscapeLeft UIInterfaceOrientationLandscapeRight";
				LD_RUNPATH_SEARCH_PATHS = (
					"$(inherited)",
					"@executable_path/Frameworks",
				);
				MARKETING_VERSION = 1.0;
				PRODUCT_BUNDLE_IDENTIFIER = com.death.meetings;
				PRODUCT_NAME = "$(TARGET_NAME)";
				SWIFT_EMIT_LOC_STRINGS = YES;
				SWIFT_VERSION = 5.0;
				TARGETED_DEVICE_FAMILY = "1,2";
			};
			name = Release;
		};
/* End XCBuildConfiguration section */

/* Begin XCConfigurationList section */
		5B44AF5727ED023100749F7E /* Build configuration list for PBXProject "meetings" */ = {
			isa = XCConfigurationList;
			buildConfigurations = (
				5B44AF6827ED023500749F7E /* Debug */,
				5B44AF6927ED023500749F7E /* Release */,
			);
			defaultConfigurationIsVisible = 0;
			defaultConfigurationName = Release;
		};
		5B44AF6A27ED023500749F7E /* Build configuration list for PBXNativeTarget "meetings" */ = {
			isa = XCConfigurationList;
			buildConfigurations = (
				5B44AF6B27ED023500749F7E /* Debug */,
				5B44AF6C27ED023500749F7E /* Release */,
			);
			defaultConfigurationIsVisible = 0;
			defaultConfigurationName = Release;
		};
/* End XCConfigurationList section */
	};
	rootObject = 5B44AF5427ED023100749F7E /* Project object */;
}
